
Microsoft Visual Studio Solution File, Format Version 12.00
# Visual Studio 14
VisualStudioVersion = 14.0.25420.1
MinimumVisualStudioVersion = 10.0.40219.1
Project("{FAE04EC0-301F-11D3-BF4B-00C04F79EFBC}") = "CIS229_Lab4_MMJ", "CIS229_Lab4_MMJ\CIS229_Lab4_MMJ.csproj", "{8730FAA9-5113-4968-A035-1810081A99BA}"
EndProject
Project("{FAE04EC0-301F-11D3-BF4B-00C04F79EFBC}") = "CIS229_Lab4_MMJ.Tests", "CIS229_Lab4_MMJ.Tests\CIS229_Lab4_MMJ.Tests.csproj", "{E2A0412E-CE1F-4359-9ACA-51DF98C9FBE2}"
EndProject
Global
	GlobalSection(SolutionConfigurationPlatforms) = preSolution
		Debug|Any CPU = Debug|Any CPU
		Release|Any CPU = Release|Any CPU
	EndGlobalSection
	GlobalSection(ProjectConfigurationPlatforms) = postSolution
		{8730FAA9-5113-4968-A035-1810081A99BA}.Debug|Any CPU.ActiveCfg = Debug|Any CPU
		{8730FAA9-5113-4968-A035-1810081A99BA}.Debug|Any CPU.Build.0 = Debug|Any CPU
		{8730FAA9-5113-4968-A035-1810081A99BA}.Release|Any CPU.ActiveCfg = Release|Any CPU
		{8730FAA9-5113-4968-A035-1810081A99BA}.Release|Any CPU.Build.0 = Release|Any CPU
		{E2A0412E-CE1F-4359-9ACA-51DF98C9FBE2}.Debug|Any CPU.ActiveCfg = Debug|Any CPU
		{E2A0412E-CE1F-4359-9ACA-51DF98C9FBE2}.Debug|Any CPU.Build.0 = Debug|Any CPU
		{E2A0412E-CE1F-4359-9ACA-51DF98C9FBE2}.Release|Any CPU.ActiveCfg = Release|Any CPU
		{E2A0412E-CE1F-4359-9ACA-51DF98C9FBE2}.Release|Any CPU.Build.0 = Release|Any CPU
	EndGlobalSection
	GlobalSection(SolutionProperties) = preSolution
		HideSolutionNode = FALSE
	EndGlobalSection
EndGlobal
